
Microsoft Visual Studio Solution File, Format Version 12.00
# Visual Studio Version 17
VisualStudioVersion = 17.1.32328.378
MinimumVisualStudioVersion = 10.0.40219.1
Project("{9A19103F-16F7-4668-BE54-9A1E7A4F7556}") = "MusicReleases", "MusicReleases\MusicReleases.csproj", "{463AE7FA-DBE6-428C-9897-539F73245D7E}"
	ProjectSection(ProjectDependencies) = postProject
		{90292568-80A9-418B-8987-D3240B5A1B03} = {90292568-80A9-418B-8987-D3240B5A1B03}
		{EA309DF9-A2CD-47EB-86A6-0298BE6E4B84} = {EA309DF9-A2CD-47EB-86A6-0298BE6E4B84}
	EndProjectSection
EndProject
Project("{9A19103F-16F7-4668-BE54-9A1E7A4F7556}") = "SpotifyApi", "SpotifyApi\SpotifyApi.csproj", "{EA309DF9-A2CD-47EB-86A6-0298BE6E4B84}"
	ProjectSection(ProjectDependencies) = postProject
		{90292568-80A9-418B-8987-D3240B5A1B03} = {90292568-80A9-418B-8987-D3240B5A1B03}
	EndProjectSection
EndProject
Project("{FAE04EC0-301F-11D3-BF4B-00C04F79EFBC}") = "Extensions", "Extensions\Extensions.csproj", "{90292568-80A9-418B-8987-D3240B5A1B03}"
EndProject
Global
	GlobalSection(SolutionConfigurationPlatforms) = preSolution
		Debug|Any CPU = Debug|Any CPU
		Release|Any CPU = Release|Any CPU
	EndGlobalSection
	GlobalSection(ProjectConfigurationPlatforms) = postSolution
		{463AE7FA-DBE6-428C-9897-539F73245D7E}.Debug|Any CPU.ActiveCfg = Debug|Any CPU
		{463AE7FA-DBE6-428C-9897-539F73245D7E}.Debug|Any CPU.Build.0 = Debug|Any CPU
		{463AE7FA-DBE6-428C-9897-539F73245D7E}.Release|Any CPU.ActiveCfg = Release|Any CPU
		{463AE7FA-DBE6-428C-9897-539F73245D7E}.Release|Any CPU.Build.0 = Release|Any CPU
		{EA309DF9-A2CD-47EB-86A6-0298BE6E4B84}.Debug|Any CPU.ActiveCfg = Debug|Any CPU
		{EA309DF9-A2CD-47EB-86A6-0298BE6E4B84}.Debug|Any CPU.Build.0 = Debug|Any CPU
		{EA309DF9-A2CD-47EB-86A6-0298BE6E4B84}.Release|Any CPU.ActiveCfg = Release|Any CPU
		{EA309DF9-A2CD-47EB-86A6-0298BE6E4B84}.Release|Any CPU.Build.0 = Release|Any CPU
		{90292568-80A9-418B-8987-D3240B5A1B03}.Debug|Any CPU.ActiveCfg = Debug|Any CPU
		{90292568-80A9-418B-8987-D3240B5A1B03}.Debug|Any CPU.Build.0 = Debug|Any CPU
		{90292568-80A9-418B-8987-D3240B5A1B03}.Release|Any CPU.ActiveCfg = Release|Any CPU
		{90292568-80A9-418B-8987-D3240B5A1B03}.Release|Any CPU.Build.0 = Release|Any CPU
	EndGlobalSection
	GlobalSection(SolutionProperties) = preSolution
		HideSolutionNode = FALSE
	EndGlobalSection
	GlobalSection(ExtensibilityGlobals) = postSolution
		SolutionGuid = {962BE6E6-1660-4A98-A811-AAA5214C5213}
	EndGlobalSection
EndGlobal
